// !$*UTF8*$!
{
	archiveVersion = 1;
	classes = {
	};
	objectVersion = 77;
	objects = {

/* Begin PBXBuildFile section */
		CC0000000000000000000021 /* DomainKit in Frameworks */ = {isa = PBXBuildFile; productRef = CC0000000000000000000011 /* DomainKit */; };
		CC0000000000000000000022 /* DataKit in Frameworks */ = {isa = PBXBuildFile; productRef = CC0000000000000000000012 /* DataKit */; };
		CC0000000000000000000023 /* PresentationKit in Frameworks */ = {isa = PBXBuildFile; productRef = CC0000000000000000000013 /* PresentationKit */; };
		CC0000000000000000000024 /* Nuke in Frameworks */ = {isa = PBXBuildFile; productRef = CC0000000000000000000014 /* Nuke */; };
		CC0000000000000000000025 /* NukeUI in Frameworks */ = {isa = PBXBuildFile; productRef = CC0000000000000000000015 /* NukeUI */; };
		CC0000000000000000000026 /* YouTubeiOSPlayerHelper in Frameworks */ = {isa = PBXBuildFile; productRef = CC0000000000000000000016 /* YouTubeiOSPlayerHelper */; };
		CC0000000000000000000027 /* DomainKit in Frameworks */ = {isa = PBXBuildFile; productRef = CC0000000000000000000017 /* DomainKit */; };
		CC0000000000000000000028 /* DomainKitTestSupport in Frameworks */ = {isa = PBXBuildFile; productRef = CC0000000000000000000018 /* DomainKitTestSupport */; };
		CC0000000000000000000029 /* PresentationKit in Frameworks */ = {isa = PBXBuildFile; productRef = CC0000000000000000000019 /* PresentationKit */; };
/* End PBXBuildFile section */

/* Begin PBXContainerItemProxy section */
		A3D56F7E3052B274003BA4A7 /* PBXContainerItemProxy */ = {
			isa = PBXContainerItemProxy;
			containerPortal = A3D56F5F3052B273003BA4A7 /* Project object */;
			proxyType = 1;
			remoteGlobalIDString = A3D56F663052B273003BA4A7;
			remoteInfo = "VIPER-App";
		};
/* End PBXContainerItemProxy section */

/* Begin PBXFileReference section */
		A3D56F673052B273003BA4A7 /* VIPER-App.app */ = {isa = PBXFileReference; explicitFileType = wrapper.application; includeInIndex = 0; path = "VIPER-App.app"; sourceTree = BUILT_PRODUCTS_DIR; };
		A3D56F7D3052B274003BA4A7 /* VIPER-AppTests.xctest */ = {isa = PBXFileReference; explicitFileType = wrapper.cfbundle; includeInIndex = 0; path = "VIPER-AppTests.xctest"; sourceTree = BUILT_PRODUCTS_DIR; };
		CC0000000000000000000001 /* Config.xcconfig */ = {isa = PBXFileReference; lastKnownFileType = text.xcconfig; name = Config.xcconfig; path = ../Config.xcconfig; sourceTree = SOURCE_ROOT; };
		CC0000000000000000000002 /* README.md */ = {isa = PBXFileReference; lastKnownFileType = net.daringfireball.markdown; path = README.md; sourceTree = "<group>"; };
/* End PBXFileReference section */

/* Begin PBXFileSystemSynchronizedBuildFileExceptionSet section */
		A3D56F8F3052B274003BA4A7 /* Exceptions for "VIPER-App" folder in "VIPER-App" target */ = {
			isa = PBXFileSystemSynchronizedBuildFileExceptionSet;
			membershipExceptions = (
				Info.plist,
			);
			target = A3D56F663052B273003BA4A7 /* VIPER-App */;
		};
/* End PBXFileSystemSynchronizedBuildFileExceptionSet section */

/* Begin PBXFileSystemSynchronizedRootGroup section */
		A3D56F693052B273003BA4A7 /* VIPER-App */ = {
			isa = PBXFileSystemSynchronizedRootGroup;
			exceptions = (
				A3D56F8F3052B274003BA4A7 /* Exceptions for "VIPER-App" folder in "VIPER-App" target */,
			);
			path = "VIPER-App";
			sourceTree = "<group>";
		};
		A3D56F803052B274003BA4A7 /* VIPER-AppTests */ = {
			isa = PBXFileSystemSynchronizedRootGroup;
			path = "VIPER-AppTests";
			sourceTree = "<group>";
		};
/* End PBXFileSystemSynchronizedRootGroup section */

/* Begin PBXFrameworksBuildPhase section */
		A3D56F643052B273003BA4A7 /* Frameworks */ = {
			isa = PBXFrameworksBuildPhase;
			buildActionMask = 2147483647;
			files = (
				CC0000000000000000000021 /* DomainKit in Frameworks */,
				CC0000000000000000000022 /* DataKit in Frameworks */,
				CC0000000000000000000023 /* PresentationKit in Frameworks */,
				CC0000000000000000000024 /* Nuke in Frameworks */,
				CC0000000000000000000025 /* NukeUI in Frameworks */,
				CC0000000000000000000026 /* YouTubeiOSPlayerHelper in Frameworks */,
			);
			runOnlyForDeploymentPostprocessing = 0;
		};
		A3D56F7A3052B274003BA4A7 /* Frameworks */ = {
			isa = PBXFrameworksBuildPhase;
			buildActionMask = 2147483647;
			files = (
				CC0000000000000000000027 /* DomainKit in Frameworks */,
				CC0000000000000000000028 /* DomainKitTestSupport in Frameworks */,
				CC0000000000000000000029 /* PresentationKit in Frameworks */,
			);
			runOnlyForDeploymentPostprocessing = 0;
		};
/* End PBXFrameworksBuildPhase section */

/* Begin PBXGroup section */
		A3D56F5E3052B273003BA4A7 = {
			isa = PBXGroup;
			children = (
				A3D56F693052B273003BA4A7 /* VIPER-App */,
				A3D56F803052B274003BA4A7 /* VIPER-AppTests */,
				A3D56F683052B273003BA4A7 /* Products */,
				CC0000000000000000000001 /* Config.xcconfig */,
				CC0000000000000000000002 /* README.md */,
			);
			sourceTree = "<group>";
		};
		A3D56F683052B273003BA4A7 /* Products */ = {
			isa = PBXGroup;
			children = (
				A3D56F673052B273003BA4A7 /* VIPER-App.app */,
				A3D56F7D3052B274003BA4A7 /* VIPER-AppTests.xctest */,
			);
			name = Products;
			sourceTree = "<group>";
		};
/* End PBXGroup section */

/* Begin PBXNativeTarget section */
		A3D56F663052B273003BA4A7 /* VIPER-App */ = {
			isa = PBXNativeTarget;
			buildConfigurationList = A3D56F903052B274003BA4A7 /* Build configuration list for PBXNativeTarget "VIPER-App" */;
			buildPhases = (
				A3D56F633052B273003BA4A7 /* Sources */,
				A3D56F643052B273003BA4A7 /* Frameworks */,
				A3D56F653052B273003BA4A7 /* Resources */,
			);
			buildRules = (
			);
			dependencies = (
			);
			fileSystemSynchronizedGroups = (
				A3D56F693052B273003BA4A7 /* VIPER-App */,
			);
			name = "VIPER-App";
			packageProductDependencies = (
				CC0000000000000000000011 /* DomainKit */,
				CC0000000000000000000012 /* DataKit */,
				CC0000000000000000000013 /* PresentationKit */,
				CC0000000000000000000014 /* Nuke */,
				CC0000000000000000000015 /* NukeUI */,
				CC0000000000000000000016 /* YouTubeiOSPlayerHelper */,
			);
			productName = "VIPER-App";
			productReference = A3D56F673052B273003BA4A7 /* VIPER-App.app */;
			productType = "com.apple.product-type.application";
		};
		A3D56F7C3052B274003BA4A7 /* VIPER-AppTests */ = {
			isa = PBXNativeTarget;
			buildConfigurationList = A3D56F953052B274003BA4A7 /* Build configuration list for PBXNativeTarget "VIPER-AppTests" */;
			buildPhases = (
				A3D56F793052B274003BA4A7 /* Sources */,
				A3D56F7A3052B274003BA4A7 /* Frameworks */,
				A3D56F7B3052B274003BA4A7 /* Resources */,
			);
			buildRules = (
			);
			dependencies = (
				A3D56F7F3052B274003BA4A7 /* PBXTargetDependency */,
			);
			fileSystemSynchronizedGroups = (
				A3D56F803052B274003BA4A7 /* VIPER-AppTests */,
			);
			name = "VIPER-AppTests";
			packageProductDependencies = (
				CC0000000000000000000017 /* DomainKit */,
				CC0000000000000000000018 /* DomainKitTestSupport */,
				CC0000000000000000000019 /* PresentationKit */,
			);
			productName = "VIPER-AppTests";
			productReference = A3D56F7D3052B274003BA4A7 /* VIPER-AppTests.xctest */;
			productType = "com.apple.product-type.bundle.unit-test";
		};
/* End PBXNativeTarget section */

/* Begin PBXProject section */
		A3D56F5F3052B273003BA4A7 /* Project object */ = {
			isa = PBXProject;
			attributes = {
				BuildIndependentTargetsInParallel = 1;
				LastSwiftUpdateCheck = 2660;
				LastUpgradeCheck = 2660;
				TargetAttributes = {
					A3D56F663052B273003BA4A7 = {
						CreatedOnToolsVersion = 26.6;
					};
					A3D56F7C3052B274003BA4A7 = {
						CreatedOnToolsVersion = 26.6;
						TestTargetID = A3D56F663052B273003BA4A7;
					};
				};
			};
			buildConfigurationList = A3D56F623052B273003BA4A7 /* Build configuration list for PBXProject "VIPER-App" */;
			developmentRegion = en;
			hasScannedForEncodings = 0;
			knownRegions = (
				en,
				Base,
			);
			mainGroup = A3D56F5E3052B273003BA4A7;
			minimizedProjectReferenceProxies = 1;
			packageReferences = (
				CC0000000000000000000003 /* XCRemoteSwiftPackageReference "Nuke" */,
				CC0000000000000000000004 /* XCRemoteSwiftPackageReference "youtube-ios-player-helper" */,
			);
			preferredProjectObjectVersion = 77;
			productRefGroup = A3D56F683052B273003BA4A7 /* Products */;
			projectDirPath = "";
			projectRoot = "";
			targets = (
				A3D56F663052B273003BA4A7 /* VIPER-App */,
				A3D56F7C3052B274003BA4A7 /* VIPER-AppTests */,
			);
		};
/* End PBXProject section */

/* Begin PBXResourcesBuildPhase section */
		A3D56F653052B273003BA4A7 /* Resources */ = {
			isa = PBXResourcesBuildPhase;
			buildActionMask = 2147483647;
			files = (
			);
			runOnlyForDeploymentPostprocessing = 0;
		};
		A3D56F7B3052B274003BA4A7 /* Resources */ = {
			isa = PBXResourcesBuildPhase;
			buildActionMask = 2147483647;
			files = (
			);
			runOnlyForDeploymentPostprocessing = 0;
		};
/* End PBXResourcesBuildPhase section */

/* Begin PBXSourcesBuildPhase section */
		A3D56F633052B273003BA4A7 /* Sources */ = {
			isa = PBXSourcesBuildPhase;
			buildActionMask = 2147483647;
			files = (
			);
			runOnlyForDeploymentPostprocessing = 0;
		};
		A3D56F793052B274003BA4A7 /* Sources */ = {
			isa = PBXSourcesBuildPhase;
			buildActionMask = 2147483647;
			files = (
			);
			runOnlyForDeploymentPostprocessing = 0;
		};
/* End PBXSourcesBuildPhase section */

/* Begin PBXTargetDependency section */
		A3D56F7F3052B274003BA4A7 /* PBXTargetDependency */ = {
			isa = PBXTargetDependency;
			target = A3D56F663052B273003BA4A7 /* VIPER-App */;
			targetProxy = A3D56F7E3052B274003BA4A7 /* PBXContainerItemProxy */;
		};
/* End PBXTargetDependency section */

/* Begin XCBuildConfiguration section */
		A3D56F913052B274003BA4A7 /* Debug */ = {
			isa = XCBuildConfiguration;
			buildSettings = {
				ASSETCATALOG_COMPILER_APPICON_NAME = AppIcon;
				ASSETCATALOG_COMPILER_GLOBAL_ACCENT_COLOR_NAME = AccentColor;
				CODE_SIGN_STYLE = Automatic;
				CURRENT_PROJECT_VERSION = 1;
				DEVELOPMENT_TEAM = NF5X2BH93G;
				GENERATE_INFOPLIST_FILE = YES;
				INFOPLIST_FILE = "VIPER-App/Info.plist";
				INFOPLIST_KEY_UIApplicationSupportsIndirectInputEvents = YES;
				INFOPLIST_KEY_UISupportedInterfaceOrientations_iPad = "UIInterfaceOrientationPortrait UIInterfaceOrientationPortraitUpsideDown UIInterfaceOrientationLandscapeLeft UIInterfaceOrientationLandscapeRight";
				INFOPLIST_KEY_UISupportedInterfaceOrientations_iPhone = "UIInterfaceOrientationPortrait UIInterfaceOrientationLandscapeLeft UIInterfaceOrientationLandscapeRight";
				LD_RUNPATH_SEARCH_PATHS = (
					"$(inherited)",
					"@executable_path/Frameworks",
				);
				MARKETING_VERSION = 1.0;
				PRODUCT_BUNDLE_IDENTIFIER = yanmoroz.tmdb.viper;
				PRODUCT_NAME = "$(TARGET_NAME)";
				STRING_CATALOG_GENERATE_SYMBOLS = YES;
				SWIFT_APPROACHABLE_CONCURRENCY = YES;
				SWIFT_DEFAULT_ACTOR_ISOLATION = MainActor;
				SWIFT_EMIT_LOC_STRINGS = YES;
				SWIFT_UPCOMING_FEATURE_MEMBER_IMPORT_VISIBILITY = YES;
				SWIFT_VERSION = 6.0;
				TARGETED_DEVICE_FAMILY = "1,2";
			};
			name = Debug;
		};
		A3D56F923052B274003BA4A7 /* Release */ = {
			isa = XCBuildConfiguration;
			buildSettings = {
				ASSETCATALOG_COMPILER_APPICON_NAME = AppIcon;
				ASSETCATALOG_COMPILER_GLOBAL_ACCENT_COLOR_NAME = AccentColor;
				CODE_SIGN_STYLE = Automatic;
				CURRENT_PROJECT_VERSION = 1;
				DEVELOPMENT_TEAM = NF5X2BH93G;
				GENERATE_INFOPLIST_FILE = YES;
				INFOPLIST_FILE = "VIPER-App/Info.plist";
				INFOPLIST_KEY_UIApplicationSupportsIndirectInputEvents = YES;
				INFOPLIST_KEY_UISupportedInterfaceOrientations_iPad = "UIInterfaceOrientationPortrait UIInterfaceOrientationPortraitUpsideDown UIInterfaceOrientationLandscapeLeft UIInterfaceOrientationLandscapeRight";
				INFOPLIST_KEY_UISupportedInterfaceOrientations_iPhone = "UIInterfaceOrientationPortrait UIInterfaceOrientationLandscapeLeft UIInterfaceOrientationLandscapeRight";
				LD_RUNPATH_SEARCH_PATHS = (
					"$(inherited)",
					"@executable_path/Frameworks",
				);
				MARKETING_VERSION = 1.0;
				PRODUCT_BUNDLE_IDENTIFIER = yanmoroz.tmdb.viper;
				PRODUCT_NAME = "$(TARGET_NAME)";
				STRING_CATALOG_GENERATE_SYMBOLS = YES;
				SWIFT_APPROACHABLE_CONCURRENCY = YES;
				SWIFT_DEFAULT_ACTOR_ISOLATION = MainActor;
				SWIFT_EMIT_LOC_STRINGS = YES;
				SWIFT_UPCOMING_FEATURE_MEMBER_IMPORT_VISIBILITY = YES;
				SWIFT_VERSION = 6.0;
				TARGETED_DEVICE_FAMILY = "1,2";
			};
			name = Release;
		};
		A3D56F933052B274003BA4A7 /* Debug */ = {
			isa = XCBuildConfiguration;
			baseConfigurationReference = CC0000000000000000000001 /* Config.xcconfig */;
			buildSettings = {
				ALWAYS_SEARCH_USER_PATHS = NO;
				ASSETCATALOG_COMPILER_GENERATE_SWIFT_ASSET_SYMBOL_EXTENSIONS = YES;
				CLANG_ANALYZER_NONNULL = YES;
				CLANG_ANALYZER_NUMBER_OBJECT_CONVERSION = YES_AGGRESSIVE;
				CLANG_CXX_LANGUAGE_STANDARD = "gnu++20";
				CLANG_ENABLE_MODULES = YES;
				CLANG_ENABLE_OBJC_ARC = YES;
				CLANG_ENABLE_OBJC_WEAK = YES;
				CLANG_WARN_BLOCK_CAPTURE_AUTORELEASING = YES;
				CLANG_WARN_BOOL_CONVERSION = YES;
				CLANG_WARN_COMMA = YES;
				CLANG_WARN_CONSTANT_CONVERSION = YES;
				CLANG_WARN_DEPRECATED_OBJC_IMPLEMENTATIONS = YES;
				CLANG_WARN_DIRECT_OBJC_ISA_USAGE = YES_ERROR;
				CLANG_WARN_DOCUMENTATION_COMMENTS = YES;
				CLANG_WARN_EMPTY_BODY = YES;
				CLANG_WARN_ENUM_CONVERSION = YES;
				CLANG_WARN_INFINITE_RECURSION = YES;
				CLANG_WARN_INT_CONVERSION = YES;
				CLANG_WARN_NON_LITERAL_NULL_CONVERSION = YES;
				CLANG_WARN_OBJC_IMPLICIT_RETAIN_SELF = YES;
				CLANG_WARN_OBJC_LITERAL_CONVERSION = YES;
				CLANG_WARN_OBJC_ROOT_CLASS = YES_ERROR;
				CLANG_WARN_QUOTED_INCLUDE_IN_FRAMEWORK_HEADER = YES;
				CLANG_WARN_RANGE_LOOP_ANALYSIS = YES;
				CLANG_WARN_STRICT_PROTOTYPES = YES;
				CLANG_WARN_SUSPICIOUS_MOVE = YES;
				CLANG_WARN_UNGUARDED_AVAILABILITY = YES_AGGRESSIVE;
				CLANG_WARN_UNREACHABLE_CODE = YES;
				CLANG_WARN__DUPLICATE_METHOD_MATCH = YES;
				COPY_PHASE_STRIP = NO;
				DEBUG_INFORMATION_FORMAT = dwarf;
				DEVELOPMENT_TEAM = NF5X2BH93G;
				ENABLE_STRICT_OBJC_MSGSEND = YES;
				ENABLE_TESTABILITY = YES;
				ENABLE_USER_SCRIPT_SANDBOXING = YES;
				GCC_C_LANGUAGE_STANDARD = gnu17;
				GCC_DYNAMIC_NO_PIC = NO;
				GCC_NO_COMMON_BLOCKS = YES;
				GCC_OPTIMIZATION_LEVEL = 0;
				GCC_PREPROCESSOR_DEFINITIONS = (
					"DEBUG=1",
					"$(inherited)",
				);
				GCC_WARN_64_TO_32_BIT_CONVERSION = YES;
				GCC_WARN_ABOUT_RETURN_TYPE = YES_ERROR;
				GCC_WARN_UNDECLARED_SELECTOR = YES;
				GCC_WARN_UNINITIALIZED_AUTOS = YES_AGGRESSIVE;
				GCC_WARN_UNUSED_FUNCTION = YES;
				GCC_WARN_UNUSED_VARIABLE = YES;
				IPHONEOS_DEPLOYMENT_TARGET = 17.0;
				LOCALIZATION_PREFERS_STRING_CATALOGS = YES;
				MTL_ENABLE_DEBUG_INFO = INCLUDE_SOURCE;
				MTL_FAST_MATH = YES;
				ONLY_ACTIVE_ARCH = YES;
				SDKROOT = iphoneos;
				SWIFT_ACTIVE_COMPILATION_CONDITIONS = "DEBUG $(inherited)";
				SWIFT_OPTIMIZATION_LEVEL = "-Onone";
			};
			name = Debug;
		};
		A3D56F943052B274003BA4A7 /* Release */ = {
			isa = XCBuildConfiguration;
			baseConfigurationReference = CC0000000000000000000001 /* Config.xcconfig */;
			buildSettings = {
				ALWAYS_SEARCH_USER_PATHS = NO;
				ASSETCATALOG_COMPILER_GENERATE_SWIFT_ASSET_SYMBOL_EXTENSIONS = YES;
				CLANG_ANALYZER_NONNULL = YES;
				CLANG_ANALYZER_NUMBER_OBJECT_CONVERSION = YES_AGGRESSIVE;
				CLANG_CXX_LANGUAGE_STANDARD = "gnu++20";
				CLANG_ENABLE_MODULES = YES;
				CLANG_ENABLE_OBJC_ARC = YES;
				CLANG_ENABLE_OBJC_WEAK = YES;
				CLANG_WARN_BLOCK_CAPTURE_AUTORELEASING = YES;
				CLANG_WARN_BOOL_CONVERSION = YES;
				CLANG_WARN_COMMA = YES;
				CLANG_WARN_CONSTANT_CONVERSION = YES;
				CLANG_WARN_DEPRECATED_OBJC_IMPLEMENTATIONS = YES;
				CLANG_WARN_DIRECT_OBJC_ISA_USAGE = YES_ERROR;
				CLANG_WARN_DOCUMENTATION_COMMENTS = YES;
				CLANG_WARN_EMPTY_BODY = YES;
				CLANG_WARN_ENUM_CONVERSION = YES;
				CLANG_WARN_INFINITE_RECURSION = YES;
				CLANG_WARN_INT_CONVERSION = YES;
				CLANG_WARN_NON_LITERAL_NULL_CONVERSION = YES;
				CLANG_WARN_OBJC_IMPLICIT_RETAIN_SELF = YES;
				CLANG_WARN_OBJC_LITERAL_CONVERSION = YES;
				CLANG_WARN_OBJC_ROOT_CLASS = YES_ERROR;
				CLANG_WARN_QUOTED_INCLUDE_IN_FRAMEWORK_HEADER = YES;
				CLANG_WARN_RANGE_LOOP_ANALYSIS = YES;
				CLANG_WARN_STRICT_PROTOTYPES = YES;
				CLANG_WARN_SUSPICIOUS_MOVE = YES;
				CLANG_WARN_UNGUARDED_AVAILABILITY = YES_AGGRESSIVE;
				CLANG_WARN_UNREACHABLE_CODE = YES;
				CLANG_WARN__DUPLICATE_METHOD_MATCH = YES;
				COPY_PHASE_STRIP = NO;
				DEBUG_INFORMATION_FORMAT = "dwarf-with-dsym";
				DEVELOPMENT_TEAM = NF5X2BH93G;
				ENABLE_NS_ASSERTIONS = NO;
				ENABLE_STRICT_OBJC_MSGSEND = YES;
				ENABLE_USER_SCRIPT_SANDBOXING = YES;
				GCC_C_LANGUAGE_STANDARD = gnu17;
				GCC_NO_COMMON_BLOCKS = YES;
				GCC_WARN_64_TO_32_BIT_CONVERSION = YES;
				GCC_WARN_ABOUT_RETURN_TYPE = YES_ERROR;
				GCC_WARN_UNDECLARED_SELECTOR = YES;
				GCC_WARN_UNINITIALIZED_AUTOS = YES_AGGRESSIVE;
				GCC_WARN_UNUSED_FUNCTION = YES;
				GCC_WARN_UNUSED_VARIABLE = YES;
				IPHONEOS_DEPLOYMENT_TARGET = 17.0;
				LOCALIZATION_PREFERS_STRING_CATALOGS = YES;
				MTL_ENABLE_DEBUG_INFO = NO;
				MTL_FAST_MATH = YES;
				SDKROOT = iphoneos;
				SWIFT_COMPILATION_MODE = wholemodule;
				VALIDATE_PRODUCT = YES;
			};
			name = Release;
		};
		A3D56F963052B274003BA4A7 /* Debug */ = {
			isa = XCBuildConfiguration;
			buildSettings = {
				BUNDLE_LOADER = "$(TEST_HOST)";
				CODE_SIGN_STYLE = Automatic;
				CURRENT_PROJECT_VERSION = 1;
				DEVELOPMENT_TEAM = NF5X2BH93G;
				GENERATE_INFOPLIST_FILE = YES;
				IPHONEOS_DEPLOYMENT_TARGET = 17.0;
				MARKETING_VERSION = 1.0;
				PRODUCT_BUNDLE_IDENTIFIER = "yanmoroz.tmdb.viper.VIPER-AppTests";
				PRODUCT_NAME = "$(TARGET_NAME)";
				STRING_CATALOG_GENERATE_SYMBOLS = NO;
				SWIFT_APPROACHABLE_CONCURRENCY = YES;
				SWIFT_EMIT_LOC_STRINGS = NO;
				SWIFT_UPCOMING_FEATURE_MEMBER_IMPORT_VISIBILITY = YES;
				SWIFT_VERSION = 6.0;
				TARGETED_DEVICE_FAMILY = "1,2";
				TEST_HOST = "$(BUILT_PRODUCTS_DIR)/VIPER-App.app/$(BUNDLE_EXECUTABLE_FOLDER_PATH)/VIPER-App";
			};
			name = Debug;
		};
		A3D56F973052B274003BA4A7 /* Release */ = {
			isa = XCBuildConfiguration;
			buildSettings = {
				BUNDLE_LOADER = "$(TEST_HOST)";
				CODE_SIGN_STYLE = Automatic;
				CURRENT_PROJECT_VERSION = 1;
				DEVELOPMENT_TEAM = NF5X2BH93G;
				GENERATE_INFOPLIST_FILE = YES;
				IPHONEOS_DEPLOYMENT_TARGET = 17.0;
				MARKETING_VERSION = 1.0;
				PRODUCT_BUNDLE_IDENTIFIER = "yanmoroz.tmdb.viper.VIPER-AppTests";
				PRODUCT_NAME = "$(TARGET_NAME)";
				STRING_CATALOG_GENERATE_SYMBOLS = NO;
				SWIFT_APPROACHABLE_CONCURRENCY = YES;
				SWIFT_EMIT_LOC_STRINGS = NO;
				SWIFT_UPCOMING_FEATURE_MEMBER_IMPORT_VISIBILITY = YES;
				SWIFT_VERSION = 6.0;
				TARGETED_DEVICE_FAMILY = "1,2";
				TEST_HOST = "$(BUILT_PRODUCTS_DIR)/VIPER-App.app/$(BUNDLE_EXECUTABLE_FOLDER_PATH)/VIPER-App";
			};
			name = Release;
		};
/* End XCBuildConfiguration section */

/* Begin XCConfigurationList section */
		A3D56F623052B273003BA4A7 /* Build configuration list for PBXProject "VIPER-App" */ = {
			isa = XCConfigurationList;
			buildConfigurations = (
				A3D56F933052B274003BA4A7 /* Debug */,
				A3D56F943052B274003BA4A7 /* Release */,
			);
			defaultConfigurationIsVisible = 0;
			defaultConfigurationName = Release;
		};
		A3D56F903052B274003BA4A7 /* Build configuration list for PBXNativeTarget "VIPER-App" */ = {
			isa = XCConfigurationList;
			buildConfigurations = (
				A3D56F913052B274003BA4A7 /* Debug */,
				A3D56F923052B274003BA4A7 /* Release */,
			);
			defaultConfigurationIsVisible = 0;
			defaultConfigurationName = Release;
		};
		A3D56F953052B274003BA4A7 /* Build configuration list for PBXNativeTarget "VIPER-AppTests" */ = {
			isa = XCConfigurationList;
			buildConfigurations = (
				A3D56F963052B274003BA4A7 /* Debug */,
				A3D56F973052B274003BA4A7 /* Release */,
			);
			defaultConfigurationIsVisible = 0;
			defaultConfigurationName = Release;
		};
/* End XCConfigurationList section */

/* Begin XCRemoteSwiftPackageReference section */
		CC0000000000000000000003 /* XCRemoteSwiftPackageReference "Nuke" */ = {
			isa = XCRemoteSwiftPackageReference;
			repositoryURL = "https://github.com/kean/Nuke.git";
			requirement = {
				kind = upToNextMajorVersion;
				minimumVersion = 13.2.0;
			};
		};
		CC0000000000000000000004 /* XCRemoteSwiftPackageReference "youtube-ios-player-helper" */ = {
			isa = XCRemoteSwiftPackageReference;
			repositoryURL = "https://github.com/youtube/youtube-ios-player-helper";
			requirement = {
				kind = upToNextMajorVersion;
				minimumVersion = 1.0.4;
			};
		};
/* End XCRemoteSwiftPackageReference section */

/* Begin XCSwiftPackageProductDependency section */
		CC0000000000000000000011 /* DomainKit */ = {
			isa = XCSwiftPackageProductDependency;
			productName = DomainKit;
		};
		CC0000000000000000000012 /* DataKit */ = {
			isa = XCSwiftPackageProductDependency;
			productName = DataKit;
		};
		CC0000000000000000000013 /* PresentationKit */ = {
			isa = XCSwiftPackageProductDependency;
			productName = PresentationKit;
		};
		CC0000000000000000000014 /* Nuke */ = {
			isa = XCSwiftPackageProductDependency;
			package = CC0000000000000000000003 /* XCRemoteSwiftPackageReference "Nuke" */;
			productName = Nuke;
		};
		CC0000000000000000000015 /* NukeUI */ = {
			isa = XCSwiftPackageProductDependency;
			package = CC0000000000000000000003 /* XCRemoteSwiftPackageReference "Nuke" */;
			productName = NukeUI;
		};
		CC0000000000000000000016 /* YouTubeiOSPlayerHelper */ = {
			isa = XCSwiftPackageProductDependency;
			package = CC0000000000000000000004 /* XCRemoteSwiftPackageReference "youtube-ios-player-helper" */;
			productName = YouTubeiOSPlayerHelper;
		};
		CC0000000000000000000017 /* DomainKit */ = {
			isa = XCSwiftPackageProductDependency;
			productName = DomainKit;
		};
		CC0000000000000000000018 /* DomainKitTestSupport */ = {
			isa = XCSwiftPackageProductDependency;
			productName = DomainKitTestSupport;
		};
		CC0000000000000000000019 /* PresentationKit */ = {
			isa = XCSwiftPackageProductDependency;
			productName = PresentationKit;
		};
/* End XCSwiftPackageProductDependency section */
	};
	rootObject = A3D56F5F3052B273003BA4A7 /* Project object */;
}
