// !$*UTF8*$!
{
	archiveVersion = 1;
	classes = {
	};
	objectVersion = 77;
	objects = {

/* Begin PBXBuildFile section */
		DD0000000000000000000021 /* DomainKit in Frameworks */ = {isa = PBXBuildFile; productRef = DD0000000000000000000011 /* DomainKit */; };
		DD0000000000000000000022 /* DataKit in Frameworks */ = {isa = PBXBuildFile; productRef = DD0000000000000000000012 /* DataKit */; };
		DD0000000000000000000023 /* PresentationKit in Frameworks */ = {isa = PBXBuildFile; productRef = DD0000000000000000000013 /* PresentationKit */; };
		DD0000000000000000000024 /* Nuke in Frameworks */ = {isa = PBXBuildFile; productRef = DD0000000000000000000014 /* Nuke */; };
		DD0000000000000000000025 /* NukeUI in Frameworks */ = {isa = PBXBuildFile; productRef = DD0000000000000000000015 /* NukeUI */; };
		DD0000000000000000000026 /* YouTubeiOSPlayerHelper in Frameworks */ = {isa = PBXBuildFile; productRef = DD0000000000000000000016 /* YouTubeiOSPlayerHelper */; };
		DD0000000000000000000027 /* DomainKit in Frameworks */ = {isa = PBXBuildFile; productRef = DD0000000000000000000017 /* DomainKit */; };
		DD0000000000000000000028 /* DomainKitTestSupport in Frameworks */ = {isa = PBXBuildFile; productRef = DD0000000000000000000018 /* DomainKitTestSupport */; };
		DD0000000000000000000029 /* PresentationKit in Frameworks */ = {isa = PBXBuildFile; productRef = DD0000000000000000000019 /* PresentationKit */; };
/* End PBXBuildFile section */

/* Begin PBXContainerItemProxy section */
		A3142061305441B000C9CB5B /* PBXContainerItemProxy */ = {
			isa = PBXContainerItemProxy;
			containerPortal = A3142042305441AF00C9CB5B /* Project object */;
			proxyType = 1;
			remoteGlobalIDString = A3142049305441AF00C9CB5B;
			remoteInfo = "VIP-App";
		};
/* End PBXContainerItemProxy section */

/* Begin PBXFileReference section */
		A314204A305441AF00C9CB5B /* VIP-App.app */ = {isa = PBXFileReference; explicitFileType = wrapper.application; includeInIndex = 0; path = "VIP-App.app"; sourceTree = BUILT_PRODUCTS_DIR; };
		A3142060305441B000C9CB5B /* VIP-AppTests.xctest */ = {isa = PBXFileReference; explicitFileType = wrapper.cfbundle; includeInIndex = 0; path = "VIP-AppTests.xctest"; sourceTree = BUILT_PRODUCTS_DIR; };
		DD0000000000000000000001 /* Config.xcconfig */ = {isa = PBXFileReference; lastKnownFileType = text.xcconfig; name = Config.xcconfig; path = ../Config.xcconfig; sourceTree = SOURCE_ROOT; };
		DD0000000000000000000002 /* README.md */ = {isa = PBXFileReference; lastKnownFileType = net.daringfireball.markdown; path = README.md; sourceTree = "<group>"; };
/* End PBXFileReference section */

/* Begin PBXFileSystemSynchronizedBuildFileExceptionSet section */
		A3142072305441B000C9CB5B /* Exceptions for "VIP-App" folder in "VIP-App" target */ = {
			isa = PBXFileSystemSynchronizedBuildFileExceptionSet;
			membershipExceptions = (
				Info.plist,
			);
			target = A3142049305441AF00C9CB5B /* VIP-App */;
		};
/* End PBXFileSystemSynchronizedBuildFileExceptionSet section */

/* Begin PBXFileSystemSynchronizedRootGroup section */
		A314204C305441AF00C9CB5B /* VIP-App */ = {
			isa = PBXFileSystemSynchronizedRootGroup;
			exceptions = (
				A3142072305441B000C9CB5B /* Exceptions for "VIP-App" folder in "VIP-App" target */,
			);
			path = "VIP-App";
			sourceTree = "<group>";
		};
		A3142063305441B000C9CB5B /* VIP-AppTests */ = {
			isa = PBXFileSystemSynchronizedRootGroup;
			path = "VIP-AppTests";
			sourceTree = "<group>";
		};
/* End PBXFileSystemSynchronizedRootGroup section */

/* Begin PBXFrameworksBuildPhase section */
		A3142047305441AF00C9CB5B /* Frameworks */ = {
			isa = PBXFrameworksBuildPhase;
			buildActionMask = 2147483647;
			files = (
				DD0000000000000000000021 /* DomainKit in Frameworks */,
				DD0000000000000000000022 /* DataKit in Frameworks */,
				DD0000000000000000000023 /* PresentationKit in Frameworks */,
				DD0000000000000000000024 /* Nuke in Frameworks */,
				DD0000000000000000000025 /* NukeUI in Frameworks */,
				DD0000000000000000000026 /* YouTubeiOSPlayerHelper in Frameworks */,
			);
			runOnlyForDeploymentPostprocessing = 0;
		};
		A314205D305441B000C9CB5B /* Frameworks */ = {
			isa = PBXFrameworksBuildPhase;
			buildActionMask = 2147483647;
			files = (
				DD0000000000000000000027 /* DomainKit in Frameworks */,
				DD0000000000000000000028 /* DomainKitTestSupport in Frameworks */,
				DD0000000000000000000029 /* PresentationKit in Frameworks */,
			);
			runOnlyForDeploymentPostprocessing = 0;
		};
/* End PBXFrameworksBuildPhase section */

/* Begin PBXGroup section */
		A3142041305441AF00C9CB5B = {
			isa = PBXGroup;
			children = (
				A314204C305441AF00C9CB5B /* VIP-App */,
				A3142063305441B000C9CB5B /* VIP-AppTests */,
				A314204B305441AF00C9CB5B /* Products */,
				DD0000000000000000000001 /* Config.xcconfig */,
				DD0000000000000000000002 /* README.md */,
			);
			sourceTree = "<group>";
		};
		A314204B305441AF00C9CB5B /* Products */ = {
			isa = PBXGroup;
			children = (
				A314204A305441AF00C9CB5B /* VIP-App.app */,
				A3142060305441B000C9CB5B /* VIP-AppTests.xctest */,
			);
			name = Products;
			sourceTree = "<group>";
		};
/* End PBXGroup section */

/* Begin PBXNativeTarget section */
		A3142049305441AF00C9CB5B /* VIP-App */ = {
			isa = PBXNativeTarget;
			buildConfigurationList = A3142073305441B000C9CB5B /* Build configuration list for PBXNativeTarget "VIP-App" */;
			buildPhases = (
				A3142046305441AF00C9CB5B /* Sources */,
				A3142047305441AF00C9CB5B /* Frameworks */,
				A3142048305441AF00C9CB5B /* Resources */,
			);
			buildRules = (
			);
			dependencies = (
			);
			fileSystemSynchronizedGroups = (
				A314204C305441AF00C9CB5B /* VIP-App */,
			);
			name = "VIP-App";
			packageProductDependencies = (
				DD0000000000000000000011 /* DomainKit */,
				DD0000000000000000000012 /* DataKit */,
				DD0000000000000000000013 /* PresentationKit */,
				DD0000000000000000000014 /* Nuke */,
				DD0000000000000000000015 /* NukeUI */,
				DD0000000000000000000016 /* YouTubeiOSPlayerHelper */,
			);
			productName = "VIP-App";
			productReference = A314204A305441AF00C9CB5B /* VIP-App.app */;
			productType = "com.apple.product-type.application";
		};
		A314205F305441B000C9CB5B /* VIP-AppTests */ = {
			isa = PBXNativeTarget;
			buildConfigurationList = A3142078305441B000C9CB5B /* Build configuration list for PBXNativeTarget "VIP-AppTests" */;
			buildPhases = (
				A314205C305441B000C9CB5B /* Sources */,
				A314205D305441B000C9CB5B /* Frameworks */,
				A314205E305441B000C9CB5B /* Resources */,
			);
			buildRules = (
			);
			dependencies = (
				A3142062305441B000C9CB5B /* PBXTargetDependency */,
			);
			fileSystemSynchronizedGroups = (
				A3142063305441B000C9CB5B /* VIP-AppTests */,
			);
			name = "VIP-AppTests";
			packageProductDependencies = (
				DD0000000000000000000017 /* DomainKit */,
				DD0000000000000000000018 /* DomainKitTestSupport */,
				DD0000000000000000000019 /* PresentationKit */,
			);
			productName = "VIP-AppTests";
			productReference = A3142060305441B000C9CB5B /* VIP-AppTests.xctest */;
			productType = "com.apple.product-type.bundle.unit-test";
		};
/* End PBXNativeTarget section */

/* Begin PBXProject section */
		A3142042305441AF00C9CB5B /* Project object */ = {
			isa = PBXProject;
			attributes = {
				BuildIndependentTargetsInParallel = 1;
				LastSwiftUpdateCheck = 2660;
				LastUpgradeCheck = 2660;
				TargetAttributes = {
					A3142049305441AF00C9CB5B = {
						CreatedOnToolsVersion = 26.6;
					};
					A314205F305441B000C9CB5B = {
						CreatedOnToolsVersion = 26.6;
						TestTargetID = A3142049305441AF00C9CB5B;
					};
				};
			};
			buildConfigurationList = A3142045305441AF00C9CB5B /* Build configuration list for PBXProject "VIP-App" */;
			developmentRegion = en;
			hasScannedForEncodings = 0;
			knownRegions = (
				en,
				Base,
			);
			mainGroup = A3142041305441AF00C9CB5B;
			minimizedProjectReferenceProxies = 1;
			packageReferences = (
				DD0000000000000000000003 /* XCRemoteSwiftPackageReference "Nuke" */,
				DD0000000000000000000004 /* XCRemoteSwiftPackageReference "youtube-ios-player-helper" */,
			);
			preferredProjectObjectVersion = 77;
			productRefGroup = A314204B305441AF00C9CB5B /* Products */;
			projectDirPath = "";
			projectRoot = "";
			targets = (
				A3142049305441AF00C9CB5B /* VIP-App */,
				A314205F305441B000C9CB5B /* VIP-AppTests */,
			);
		};
/* End PBXProject section */

/* Begin PBXResourcesBuildPhase section */
		A3142048305441AF00C9CB5B /* Resources */ = {
			isa = PBXResourcesBuildPhase;
			buildActionMask = 2147483647;
			files = (
			);
			runOnlyForDeploymentPostprocessing = 0;
		};
		A314205E305441B000C9CB5B /* Resources */ = {
			isa = PBXResourcesBuildPhase;
			buildActionMask = 2147483647;
			files = (
			);
			runOnlyForDeploymentPostprocessing = 0;
		};
/* End PBXResourcesBuildPhase section */

/* Begin PBXSourcesBuildPhase section */
		A3142046305441AF00C9CB5B /* Sources */ = {
			isa = PBXSourcesBuildPhase;
			buildActionMask = 2147483647;
			files = (
			);
			runOnlyForDeploymentPostprocessing = 0;
		};
		A314205C305441B000C9CB5B /* Sources */ = {
			isa = PBXSourcesBuildPhase;
			buildActionMask = 2147483647;
			files = (
			);
			runOnlyForDeploymentPostprocessing = 0;
		};
/* End PBXSourcesBuildPhase section */

/* Begin PBXTargetDependency section */
		A3142062305441B000C9CB5B /* PBXTargetDependency */ = {
			isa = PBXTargetDependency;
			target = A3142049305441AF00C9CB5B /* VIP-App */;
			targetProxy = A3142061305441B000C9CB5B /* PBXContainerItemProxy */;
		};
/* End PBXTargetDependency section */

/* Begin XCBuildConfiguration section */
		A3142074305441B000C9CB5B /* Debug */ = {
			isa = XCBuildConfiguration;
			buildSettings = {
				ASSETCATALOG_COMPILER_APPICON_NAME = AppIcon;
				ASSETCATALOG_COMPILER_GLOBAL_ACCENT_COLOR_NAME = AccentColor;
				CODE_SIGN_STYLE = Automatic;
				CURRENT_PROJECT_VERSION = 1;
				DEVELOPMENT_TEAM = NF5X2BH93G;
				GENERATE_INFOPLIST_FILE = YES;
				INFOPLIST_FILE = "VIP-App/Info.plist";
				INFOPLIST_KEY_UIApplicationSupportsIndirectInputEvents = YES;
				INFOPLIST_KEY_UISupportedInterfaceOrientations_iPad = "UIInterfaceOrientationPortrait UIInterfaceOrientationPortraitUpsideDown UIInterfaceOrientationLandscapeLeft UIInterfaceOrientationLandscapeRight";
				INFOPLIST_KEY_UISupportedInterfaceOrientations_iPhone = "UIInterfaceOrientationPortrait UIInterfaceOrientationLandscapeLeft UIInterfaceOrientationLandscapeRight";
				LD_RUNPATH_SEARCH_PATHS = (
					"$(inherited)",
					"@executable_path/Frameworks",
				);
				MARKETING_VERSION = 1.0;
				PRODUCT_BUNDLE_IDENTIFIER = yanmoroz.tmdb.vip;
				PRODUCT_NAME = "$(TARGET_NAME)";
				STRING_CATALOG_GENERATE_SYMBOLS = YES;
				SWIFT_APPROACHABLE_CONCURRENCY = YES;
				SWIFT_DEFAULT_ACTOR_ISOLATION = MainActor;
				SWIFT_EMIT_LOC_STRINGS = YES;
				SWIFT_UPCOMING_FEATURE_MEMBER_IMPORT_VISIBILITY = YES;
				SWIFT_VERSION = 6.0;
				TARGETED_DEVICE_FAMILY = "1,2";
			};
			name = Debug;
		};
		A3142075305441B000C9CB5B /* Release */ = {
			isa = XCBuildConfiguration;
			buildSettings = {
				ASSETCATALOG_COMPILER_APPICON_NAME = AppIcon;
				ASSETCATALOG_COMPILER_GLOBAL_ACCENT_COLOR_NAME = AccentColor;
				CODE_SIGN_STYLE = Automatic;
				CURRENT_PROJECT_VERSION = 1;
				DEVELOPMENT_TEAM = NF5X2BH93G;
				GENERATE_INFOPLIST_FILE = YES;
				INFOPLIST_FILE = "VIP-App/Info.plist";
				INFOPLIST_KEY_UIApplicationSupportsIndirectInputEvents = YES;
				INFOPLIST_KEY_UISupportedInterfaceOrientations_iPad = "UIInterfaceOrientationPortrait UIInterfaceOrientationPortraitUpsideDown UIInterfaceOrientationLandscapeLeft UIInterfaceOrientationLandscapeRight";
				INFOPLIST_KEY_UISupportedInterfaceOrientations_iPhone = "UIInterfaceOrientationPortrait UIInterfaceOrientationLandscapeLeft UIInterfaceOrientationLandscapeRight";
				LD_RUNPATH_SEARCH_PATHS = (
					"$(inherited)",
					"@executable_path/Frameworks",
				);
				MARKETING_VERSION = 1.0;
				PRODUCT_BUNDLE_IDENTIFIER = yanmoroz.tmdb.vip;
				PRODUCT_NAME = "$(TARGET_NAME)";
				STRING_CATALOG_GENERATE_SYMBOLS = YES;
				SWIFT_APPROACHABLE_CONCURRENCY = YES;
				SWIFT_DEFAULT_ACTOR_ISOLATION = MainActor;
				SWIFT_EMIT_LOC_STRINGS = YES;
				SWIFT_UPCOMING_FEATURE_MEMBER_IMPORT_VISIBILITY = YES;
				SWIFT_VERSION = 6.0;
				TARGETED_DEVICE_FAMILY = "1,2";
			};
			name = Release;
		};
		A3142076305441B000C9CB5B /* Debug */ = {
			isa = XCBuildConfiguration;
			baseConfigurationReference = DD0000000000000000000001 /* Config.xcconfig */;
			buildSettings = {
				ALWAYS_SEARCH_USER_PATHS = NO;
				ASSETCATALOG_COMPILER_GENERATE_SWIFT_ASSET_SYMBOL_EXTENSIONS = YES;
				CLANG_ANALYZER_NONNULL = YES;
				CLANG_ANALYZER_NUMBER_OBJECT_CONVERSION = YES_AGGRESSIVE;
				CLANG_CXX_LANGUAGE_STANDARD = "gnu++20";
				CLANG_ENABLE_MODULES = YES;
				CLANG_ENABLE_OBJC_ARC = YES;
				CLANG_ENABLE_OBJC_WEAK = YES;
				CLANG_WARN_BLOCK_CAPTURE_AUTORELEASING = YES;
				CLANG_WARN_BOOL_CONVERSION = YES;
				CLANG_WARN_COMMA = YES;
				CLANG_WARN_CONSTANT_CONVERSION = YES;
				CLANG_WARN_DEPRECATED_OBJC_IMPLEMENTATIONS = YES;
				CLANG_WARN_DIRECT_OBJC_ISA_USAGE = YES_ERROR;
				CLANG_WARN_DOCUMENTATION_COMMENTS = YES;
				CLANG_WARN_EMPTY_BODY = YES;
				CLANG_WARN_ENUM_CONVERSION = YES;
				CLANG_WARN_INFINITE_RECURSION = YES;
				CLANG_WARN_INT_CONVERSION = YES;
				CLANG_WARN_NON_LITERAL_NULL_CONVERSION = YES;
				CLANG_WARN_OBJC_IMPLICIT_RETAIN_SELF = YES;
				CLANG_WARN_OBJC_LITERAL_CONVERSION = YES;
				CLANG_WARN_OBJC_ROOT_CLASS = YES_ERROR;
				CLANG_WARN_QUOTED_INCLUDE_IN_FRAMEWORK_HEADER = YES;
				CLANG_WARN_RANGE_LOOP_ANALYSIS = YES;
				CLANG_WARN_STRICT_PROTOTYPES = YES;
				CLANG_WARN_SUSPICIOUS_MOVE = YES;
				CLANG_WARN_UNGUARDED_AVAILABILITY = YES_AGGRESSIVE;
				CLANG_WARN_UNREACHABLE_CODE = YES;
				CLANG_WARN__DUPLICATE_METHOD_MATCH = YES;
				COPY_PHASE_STRIP = NO;
				DEBUG_INFORMATION_FORMAT = dwarf;
				DEVELOPMENT_TEAM = NF5X2BH93G;
				ENABLE_STRICT_OBJC_MSGSEND = YES;
				ENABLE_TESTABILITY = YES;
				ENABLE_USER_SCRIPT_SANDBOXING = YES;
				GCC_C_LANGUAGE_STANDARD = gnu17;
				GCC_DYNAMIC_NO_PIC = NO;
				GCC_NO_COMMON_BLOCKS = YES;
				GCC_OPTIMIZATION_LEVEL = 0;
				GCC_PREPROCESSOR_DEFINITIONS = (
					"DEBUG=1",
					"$(inherited)",
				);
				GCC_WARN_64_TO_32_BIT_CONVERSION = YES;
				GCC_WARN_ABOUT_RETURN_TYPE = YES_ERROR;
				GCC_WARN_UNDECLARED_SELECTOR = YES;
				GCC_WARN_UNINITIALIZED_AUTOS = YES_AGGRESSIVE;
				GCC_WARN_UNUSED_FUNCTION = YES;
				GCC_WARN_UNUSED_VARIABLE = YES;
				IPHONEOS_DEPLOYMENT_TARGET = 17.0;
				LOCALIZATION_PREFERS_STRING_CATALOGS = YES;
				MTL_ENABLE_DEBUG_INFO = INCLUDE_SOURCE;
				MTL_FAST_MATH = YES;
				ONLY_ACTIVE_ARCH = YES;
				SDKROOT = iphoneos;
				SWIFT_ACTIVE_COMPILATION_CONDITIONS = "DEBUG $(inherited)";
				SWIFT_OPTIMIZATION_LEVEL = "-Onone";
			};
			name = Debug;
		};
		A3142077305441B000C9CB5B /* Release */ = {
			isa = XCBuildConfiguration;
			baseConfigurationReference = DD0000000000000000000001 /* Config.xcconfig */;
			buildSettings = {
				ALWAYS_SEARCH_USER_PATHS = NO;
				ASSETCATALOG_COMPILER_GENERATE_SWIFT_ASSET_SYMBOL_EXTENSIONS = YES;
				CLANG_ANALYZER_NONNULL = YES;
				CLANG_ANALYZER_NUMBER_OBJECT_CONVERSION = YES_AGGRESSIVE;
				CLANG_CXX_LANGUAGE_STANDARD = "gnu++20";
				CLANG_ENABLE_MODULES = YES;
				CLANG_ENABLE_OBJC_ARC = YES;
				CLANG_ENABLE_OBJC_WEAK = YES;
				CLANG_WARN_BLOCK_CAPTURE_AUTORELEASING = YES;
				CLANG_WARN_BOOL_CONVERSION = YES;
				CLANG_WARN_COMMA = YES;
				CLANG_WARN_CONSTANT_CONVERSION = YES;
				CLANG_WARN_DEPRECATED_OBJC_IMPLEMENTATIONS = YES;
				CLANG_WARN_DIRECT_OBJC_ISA_USAGE = YES_ERROR;
				CLANG_WARN_DOCUMENTATION_COMMENTS = YES;
				CLANG_WARN_EMPTY_BODY = YES;
				CLANG_WARN_ENUM_CONVERSION = YES;
				CLANG_WARN_INFINITE_RECURSION = YES;
				CLANG_WARN_INT_CONVERSION = YES;
				CLANG_WARN_NON_LITERAL_NULL_CONVERSION = YES;
				CLANG_WARN_OBJC_IMPLICIT_RETAIN_SELF = YES;
				CLANG_WARN_OBJC_LITERAL_CONVERSION = YES;
				CLANG_WARN_OBJC_ROOT_CLASS = YES_ERROR;
				CLANG_WARN_QUOTED_INCLUDE_IN_FRAMEWORK_HEADER = YES;
				CLANG_WARN_RANGE_LOOP_ANALYSIS = YES;
				CLANG_WARN_STRICT_PROTOTYPES = YES;
				CLANG_WARN_SUSPICIOUS_MOVE = YES;
				CLANG_WARN_UNGUARDED_AVAILABILITY = YES_AGGRESSIVE;
				CLANG_WARN_UNREACHABLE_CODE = YES;
				CLANG_WARN__DUPLICATE_METHOD_MATCH = YES;
				COPY_PHASE_STRIP = NO;
				DEBUG_INFORMATION_FORMAT = "dwarf-with-dsym";
				DEVELOPMENT_TEAM = NF5X2BH93G;
				ENABLE_NS_ASSERTIONS = NO;
				ENABLE_STRICT_OBJC_MSGSEND = YES;
				ENABLE_USER_SCRIPT_SANDBOXING = YES;
				GCC_C_LANGUAGE_STANDARD = gnu17;
				GCC_NO_COMMON_BLOCKS = YES;
				GCC_WARN_64_TO_32_BIT_CONVERSION = YES;
				GCC_WARN_ABOUT_RETURN_TYPE = YES_ERROR;
				GCC_WARN_UNDECLARED_SELECTOR = YES;
				GCC_WARN_UNINITIALIZED_AUTOS = YES_AGGRESSIVE;
				GCC_WARN_UNUSED_FUNCTION = YES;
				GCC_WARN_UNUSED_VARIABLE = YES;
				IPHONEOS_DEPLOYMENT_TARGET = 17.0;
				LOCALIZATION_PREFERS_STRING_CATALOGS = YES;
				MTL_ENABLE_DEBUG_INFO = NO;
				MTL_FAST_MATH = YES;
				SDKROOT = iphoneos;
				SWIFT_COMPILATION_MODE = wholemodule;
				VALIDATE_PRODUCT = YES;
			};
			name = Release;
		};
		A3142079305441B000C9CB5B /* Debug */ = {
			isa = XCBuildConfiguration;
			buildSettings = {
				BUNDLE_LOADER = "$(TEST_HOST)";
				CODE_SIGN_STYLE = Automatic;
				CURRENT_PROJECT_VERSION = 1;
				DEVELOPMENT_TEAM = NF5X2BH93G;
				GENERATE_INFOPLIST_FILE = YES;
				IPHONEOS_DEPLOYMENT_TARGET = 17.0;
				MARKETING_VERSION = 1.0;
				PRODUCT_BUNDLE_IDENTIFIER = "yanmoroz.tmdb.vip.VIP-AppTests";
				PRODUCT_NAME = "$(TARGET_NAME)";
				STRING_CATALOG_GENERATE_SYMBOLS = NO;
				SWIFT_APPROACHABLE_CONCURRENCY = YES;
				SWIFT_EMIT_LOC_STRINGS = NO;
				SWIFT_UPCOMING_FEATURE_MEMBER_IMPORT_VISIBILITY = YES;
				SWIFT_VERSION = 6.0;
				TARGETED_DEVICE_FAMILY = "1,2";
				TEST_HOST = "$(BUILT_PRODUCTS_DIR)/VIP-App.app/$(BUNDLE_EXECUTABLE_FOLDER_PATH)/VIP-App";
			};
			name = Debug;
		};
		A314207A305441B000C9CB5B /* Release */ = {
			isa = XCBuildConfiguration;
			buildSettings = {
				BUNDLE_LOADER = "$(TEST_HOST)";
				CODE_SIGN_STYLE = Automatic;
				CURRENT_PROJECT_VERSION = 1;
				DEVELOPMENT_TEAM = NF5X2BH93G;
				GENERATE_INFOPLIST_FILE = YES;
				IPHONEOS_DEPLOYMENT_TARGET = 17.0;
				MARKETING_VERSION = 1.0;
				PRODUCT_BUNDLE_IDENTIFIER = "yanmoroz.tmdb.vip.VIP-AppTests";
				PRODUCT_NAME = "$(TARGET_NAME)";
				STRING_CATALOG_GENERATE_SYMBOLS = NO;
				SWIFT_APPROACHABLE_CONCURRENCY = YES;
				SWIFT_EMIT_LOC_STRINGS = NO;
				SWIFT_UPCOMING_FEATURE_MEMBER_IMPORT_VISIBILITY = YES;
				SWIFT_VERSION = 6.0;
				TARGETED_DEVICE_FAMILY = "1,2";
				TEST_HOST = "$(BUILT_PRODUCTS_DIR)/VIP-App.app/$(BUNDLE_EXECUTABLE_FOLDER_PATH)/VIP-App";
			};
			name = Release;
		};
/* End XCBuildConfiguration section */

/* Begin XCConfigurationList section */
		A3142045305441AF00C9CB5B /* Build configuration list for PBXProject "VIP-App" */ = {
			isa = XCConfigurationList;
			buildConfigurations = (
				A3142076305441B000C9CB5B /* Debug */,
				A3142077305441B000C9CB5B /* Release */,
			);
			defaultConfigurationIsVisible = 0;
			defaultConfigurationName = Release;
		};
		A3142073305441B000C9CB5B /* Build configuration list for PBXNativeTarget "VIP-App" */ = {
			isa = XCConfigurationList;
			buildConfigurations = (
				A3142074305441B000C9CB5B /* Debug */,
				A3142075305441B000C9CB5B /* Release */,
			);
			defaultConfigurationIsVisible = 0;
			defaultConfigurationName = Release;
		};
		A3142078305441B000C9CB5B /* Build configuration list for PBXNativeTarget "VIP-AppTests" */ = {
			isa = XCConfigurationList;
			buildConfigurations = (
				A3142079305441B000C9CB5B /* Debug */,
				A314207A305441B000C9CB5B /* Release */,
			);
			defaultConfigurationIsVisible = 0;
			defaultConfigurationName = Release;
		};
/* End XCConfigurationList section */

/* Begin XCRemoteSwiftPackageReference section */
		DD0000000000000000000003 /* XCRemoteSwiftPackageReference "Nuke" */ = {
			isa = XCRemoteSwiftPackageReference;
			repositoryURL = "https://github.com/kean/Nuke.git";
			requirement = {
				kind = upToNextMajorVersion;
				minimumVersion = 13.2.0;
			};
		};
		DD0000000000000000000004 /* XCRemoteSwiftPackageReference "youtube-ios-player-helper" */ = {
			isa = XCRemoteSwiftPackageReference;
			repositoryURL = "https://github.com/youtube/youtube-ios-player-helper";
			requirement = {
				kind = upToNextMajorVersion;
				minimumVersion = 1.0.4;
			};
		};
/* End XCRemoteSwiftPackageReference section */

/* Begin XCSwiftPackageProductDependency section */
		DD0000000000000000000011 /* DomainKit */ = {
			isa = XCSwiftPackageProductDependency;
			productName = DomainKit;
		};
		DD0000000000000000000012 /* DataKit */ = {
			isa = XCSwiftPackageProductDependency;
			productName = DataKit;
		};
		DD0000000000000000000013 /* PresentationKit */ = {
			isa = XCSwiftPackageProductDependency;
			productName = PresentationKit;
		};
		DD0000000000000000000014 /* Nuke */ = {
			isa = XCSwiftPackageProductDependency;
			package = DD0000000000000000000003 /* XCRemoteSwiftPackageReference "Nuke" */;
			productName = Nuke;
		};
		DD0000000000000000000015 /* NukeUI */ = {
			isa = XCSwiftPackageProductDependency;
			package = DD0000000000000000000003 /* XCRemoteSwiftPackageReference "Nuke" */;
			productName = NukeUI;
		};
		DD0000000000000000000016 /* YouTubeiOSPlayerHelper */ = {
			isa = XCSwiftPackageProductDependency;
			package = DD0000000000000000000004 /* XCRemoteSwiftPackageReference "youtube-ios-player-helper" */;
			productName = YouTubeiOSPlayerHelper;
		};
		DD0000000000000000000017 /* DomainKit */ = {
			isa = XCSwiftPackageProductDependency;
			productName = DomainKit;
		};
		DD0000000000000000000018 /* DomainKitTestSupport */ = {
			isa = XCSwiftPackageProductDependency;
			productName = DomainKitTestSupport;
		};
		DD0000000000000000000019 /* PresentationKit */ = {
			isa = XCSwiftPackageProductDependency;
			productName = PresentationKit;
		};
/* End XCSwiftPackageProductDependency section */
	};
	rootObject = A3142042305441AF00C9CB5B /* Project object */;
}
