// !$*UTF8*$!
{
	archiveVersion = 1;
	classes = {
	};
	objectVersion = 77;
	objects = {

/* Begin PBXBuildFile section */
		A3DD97E9304EDC1500F87C7F /* YouTubeiOSPlayerHelper in Frameworks */ = {isa = PBXBuildFile; productRef = A3DD97E8304EDC1500F87C7F /* YouTubeiOSPlayerHelper */; };
		A3DD97EC304EDC5D00F87C7F /* Nuke in Frameworks */ = {isa = PBXBuildFile; productRef = A3DD97EB304EDC5D00F87C7F /* Nuke */; };
		A3DD97EE304EDC5D00F87C7F /* NukeUI in Frameworks */ = {isa = PBXBuildFile; productRef = A3DD97ED304EDC5D00F87C7F /* NukeUI */; };
		A3DD9816304EE21300F87C7F /* README.md in Resources */ = {isa = PBXBuildFile; fileRef = A3DD9815304EE21300F87C7F /* README.md */; };
		AA0000000000000000000006 /* DomainKit in Frameworks */ = {isa = PBXBuildFile; productRef = AA0000000000000000000002 /* DomainKit */; };
		AA0000000000000000000007 /* DataKit in Frameworks */ = {isa = PBXBuildFile; productRef = AA0000000000000000000003 /* DataKit */; };
		AA0000000000000000000008 /* DomainKit in Frameworks */ = {isa = PBXBuildFile; productRef = AA0000000000000000000004 /* DomainKit */; };
		AA0000000000000000000009 /* DomainKitTestSupport in Frameworks */ = {isa = PBXBuildFile; productRef = AA0000000000000000000005 /* DomainKitTestSupport */; };
/* End PBXBuildFile section */

/* Begin PBXContainerItemProxy section */
		A3DD97B8304EDAFD00F87C7F /* PBXContainerItemProxy */ = {
			isa = PBXContainerItemProxy;
			containerPortal = A3DD9799304EDAFC00F87C7F /* Project object */;
			proxyType = 1;
			remoteGlobalIDString = A3DD97A0304EDAFC00F87C7F;
			remoteInfo = "MVP-App";
		};
/* End PBXContainerItemProxy section */

/* Begin PBXFileReference section */
		A3DD97A1304EDAFC00F87C7F /* MVP-App.app */ = {isa = PBXFileReference; explicitFileType = wrapper.application; includeInIndex = 0; path = "MVP-App.app"; sourceTree = BUILT_PRODUCTS_DIR; };
		A3DD97B7304EDAFD00F87C7F /* MVP-AppTests.xctest */ = {isa = PBXFileReference; explicitFileType = wrapper.cfbundle; includeInIndex = 0; path = "MVP-AppTests.xctest"; sourceTree = BUILT_PRODUCTS_DIR; };
		A3DD9815304EE21300F87C7F /* README.md */ = {isa = PBXFileReference; lastKnownFileType = net.daringfireball.markdown; path = README.md; sourceTree = "<group>"; };
		AA0000000000000000000001 /* Config.xcconfig */ = {isa = PBXFileReference; lastKnownFileType = text.xcconfig; name = Config.xcconfig; path = ../Config.xcconfig; sourceTree = SOURCE_ROOT; };
/* End PBXFileReference section */

/* Begin PBXFileSystemSynchronizedBuildFileExceptionSet section */
		A3DD97C9304EDAFD00F87C7F /* Exceptions for "MVP-App" folder in "MVP-App" target */ = {
			isa = PBXFileSystemSynchronizedBuildFileExceptionSet;
			membershipExceptions = (
				Info.plist,
			);
			target = A3DD97A0304EDAFC00F87C7F /* MVP-App */;
		};
/* End PBXFileSystemSynchronizedBuildFileExceptionSet section */

/* Begin PBXFileSystemSynchronizedRootGroup section */
		A3DD97A3304EDAFC00F87C7F /* MVP-App */ = {
			isa = PBXFileSystemSynchronizedRootGroup;
			exceptions = (
				A3DD97C9304EDAFD00F87C7F /* Exceptions for "MVP-App" folder in "MVP-App" target */,
			);
			path = "MVP-App";
			sourceTree = "<group>";
		};
		A3DD97BA304EDAFD00F87C7F /* MVP-AppTests */ = {
			isa = PBXFileSystemSynchronizedRootGroup;
			path = "MVP-AppTests";
			sourceTree = "<group>";
		};
/* End PBXFileSystemSynchronizedRootGroup section */

/* Begin PBXFrameworksBuildPhase section */
		A3DD979E304EDAFC00F87C7F /* Frameworks */ = {
			isa = PBXFrameworksBuildPhase;
			buildActionMask = 2147483647;
			files = (
				AA0000000000000000000006 /* DomainKit in Frameworks */,
				AA0000000000000000000007 /* DataKit in Frameworks */,
				A3DD97EE304EDC5D00F87C7F /* NukeUI in Frameworks */,
				A3DD97E9304EDC1500F87C7F /* YouTubeiOSPlayerHelper in Frameworks */,
				A3DD97EC304EDC5D00F87C7F /* Nuke in Frameworks */,
			);
			runOnlyForDeploymentPostprocessing = 0;
		};
		A3DD97B4304EDAFD00F87C7F /* Frameworks */ = {
			isa = PBXFrameworksBuildPhase;
			buildActionMask = 2147483647;
			files = (
				AA0000000000000000000008 /* DomainKit in Frameworks */,
				AA0000000000000000000009 /* DomainKitTestSupport in Frameworks */,
			);
			runOnlyForDeploymentPostprocessing = 0;
		};
/* End PBXFrameworksBuildPhase section */

/* Begin PBXGroup section */
		A3DD9798304EDAFC00F87C7F = {
			isa = PBXGroup;
			children = (
				A3DD97A3304EDAFC00F87C7F /* MVP-App */,
				A3DD97BA304EDAFD00F87C7F /* MVP-AppTests */,
				A3DD97A2304EDAFC00F87C7F /* Products */,
				AA0000000000000000000001 /* Config.xcconfig */,
				A3DD9815304EE21300F87C7F /* README.md */,
			);
			sourceTree = "<group>";
		};
		A3DD97A2304EDAFC00F87C7F /* Products */ = {
			isa = PBXGroup;
			children = (
				A3DD97A1304EDAFC00F87C7F /* MVP-App.app */,
				A3DD97B7304EDAFD00F87C7F /* MVP-AppTests.xctest */,
			);
			name = Products;
			sourceTree = "<group>";
		};
/* End PBXGroup section */

/* Begin PBXNativeTarget section */
		A3DD97A0304EDAFC00F87C7F /* MVP-App */ = {
			isa = PBXNativeTarget;
			buildConfigurationList = A3DD97CA304EDAFD00F87C7F /* Build configuration list for PBXNativeTarget "MVP-App" */;
			buildPhases = (
				A3DD979D304EDAFC00F87C7F /* Sources */,
				A3DD979E304EDAFC00F87C7F /* Frameworks */,
				A3DD979F304EDAFC00F87C7F /* Resources */,
			);
			buildRules = (
			);
			dependencies = (
			);
			fileSystemSynchronizedGroups = (
				A3DD97A3304EDAFC00F87C7F /* MVP-App */,
			);
			name = "MVP-App";
			packageProductDependencies = (
				AA0000000000000000000002 /* DomainKit */,
				AA0000000000000000000003 /* DataKit */,
				A3DD97E8304EDC1500F87C7F /* YouTubeiOSPlayerHelper */,
				A3DD97EB304EDC5D00F87C7F /* Nuke */,
				A3DD97ED304EDC5D00F87C7F /* NukeUI */,
			);
			productName = "MVP-App";
			productReference = A3DD97A1304EDAFC00F87C7F /* MVP-App.app */;
			productType = "com.apple.product-type.application";
		};
		A3DD97B6304EDAFD00F87C7F /* MVP-AppTests */ = {
			isa = PBXNativeTarget;
			buildConfigurationList = A3DD97CF304EDAFD00F87C7F /* Build configuration list for PBXNativeTarget "MVP-AppTests" */;
			buildPhases = (
				A3DD97B3304EDAFD00F87C7F /* Sources */,
				A3DD97B4304EDAFD00F87C7F /* Frameworks */,
				A3DD97B5304EDAFD00F87C7F /* Resources */,
			);
			buildRules = (
			);
			dependencies = (
				A3DD97B9304EDAFD00F87C7F /* PBXTargetDependency */,
			);
			fileSystemSynchronizedGroups = (
				A3DD97BA304EDAFD00F87C7F /* MVP-AppTests */,
			);
			name = "MVP-AppTests";
			packageProductDependencies = (
				AA0000000000000000000004 /* DomainKit */,
				AA0000000000000000000005 /* DomainKitTestSupport */,
			);
			productName = "MVP-AppTests";
			productReference = A3DD97B7304EDAFD00F87C7F /* MVP-AppTests.xctest */;
			productType = "com.apple.product-type.bundle.unit-test";
		};
/* End PBXNativeTarget section */

/* Begin PBXProject section */
		A3DD9799304EDAFC00F87C7F /* Project object */ = {
			isa = PBXProject;
			attributes = {
				BuildIndependentTargetsInParallel = 1;
				LastSwiftUpdateCheck = 2660;
				LastUpgradeCheck = 2660;
				TargetAttributes = {
					A3DD97A0304EDAFC00F87C7F = {
						CreatedOnToolsVersion = 26.6;
					};
					A3DD97B6304EDAFD00F87C7F = {
						CreatedOnToolsVersion = 26.6;
						TestTargetID = A3DD97A0304EDAFC00F87C7F;
					};
				};
			};
			buildConfigurationList = A3DD979C304EDAFC00F87C7F /* Build configuration list for PBXProject "MVP-App" */;
			developmentRegion = en;
			hasScannedForEncodings = 0;
			knownRegions = (
				en,
				Base,
			);
			mainGroup = A3DD9798304EDAFC00F87C7F;
			minimizedProjectReferenceProxies = 1;
			packageReferences = (
				A3DD97E7304EDC1500F87C7F /* XCRemoteSwiftPackageReference "youtube-ios-player-helper" */,
				A3DD97EA304EDC5D00F87C7F /* XCRemoteSwiftPackageReference "Nuke" */,
			);
			preferredProjectObjectVersion = 77;
			productRefGroup = A3DD97A2304EDAFC00F87C7F /* Products */;
			projectDirPath = "";
			projectRoot = "";
			targets = (
				A3DD97A0304EDAFC00F87C7F /* MVP-App */,
				A3DD97B6304EDAFD00F87C7F /* MVP-AppTests */,
			);
		};
/* End PBXProject section */

/* Begin PBXResourcesBuildPhase section */
		A3DD979F304EDAFC00F87C7F /* Resources */ = {
			isa = PBXResourcesBuildPhase;
			buildActionMask = 2147483647;
			files = (
				A3DD9816304EE21300F87C7F /* README.md in Resources */,
			);
			runOnlyForDeploymentPostprocessing = 0;
		};
		A3DD97B5304EDAFD00F87C7F /* Resources */ = {
			isa = PBXResourcesBuildPhase;
			buildActionMask = 2147483647;
			files = (
			);
			runOnlyForDeploymentPostprocessing = 0;
		};
/* End PBXResourcesBuildPhase section */

/* Begin PBXSourcesBuildPhase section */
		A3DD979D304EDAFC00F87C7F /* Sources */ = {
			isa = PBXSourcesBuildPhase;
			buildActionMask = 2147483647;
			files = (
			);
			runOnlyForDeploymentPostprocessing = 0;
		};
		A3DD97B3304EDAFD00F87C7F /* Sources */ = {
			isa = PBXSourcesBuildPhase;
			buildActionMask = 2147483647;
			files = (
			);
			runOnlyForDeploymentPostprocessing = 0;
		};
/* End PBXSourcesBuildPhase section */

/* Begin PBXTargetDependency section */
		A3DD97B9304EDAFD00F87C7F /* PBXTargetDependency */ = {
			isa = PBXTargetDependency;
			target = A3DD97A0304EDAFC00F87C7F /* MVP-App */;
			targetProxy = A3DD97B8304EDAFD00F87C7F /* PBXContainerItemProxy */;
		};
/* End PBXTargetDependency section */

/* Begin XCBuildConfiguration section */
		A3DD97CB304EDAFD00F87C7F /* Debug */ = {
			isa = XCBuildConfiguration;
			buildSettings = {
				ASSETCATALOG_COMPILER_APPICON_NAME = AppIcon;
				ASSETCATALOG_COMPILER_GLOBAL_ACCENT_COLOR_NAME = AccentColor;
				CODE_SIGN_STYLE = Automatic;
				CURRENT_PROJECT_VERSION = 1;
				DEVELOPMENT_TEAM = NF5X2BH93G;
				GENERATE_INFOPLIST_FILE = YES;
				INFOPLIST_FILE = "MVP-App/Info.plist";
				INFOPLIST_KEY_UIApplicationSupportsIndirectInputEvents = YES;
				INFOPLIST_KEY_UISupportedInterfaceOrientations_iPad = "UIInterfaceOrientationPortrait UIInterfaceOrientationPortraitUpsideDown UIInterfaceOrientationLandscapeLeft UIInterfaceOrientationLandscapeRight";
				INFOPLIST_KEY_UISupportedInterfaceOrientations_iPhone = "UIInterfaceOrientationPortrait UIInterfaceOrientationLandscapeLeft UIInterfaceOrientationLandscapeRight";
				LD_RUNPATH_SEARCH_PATHS = (
					"$(inherited)",
					"@executable_path/Frameworks",
				);
				MARKETING_VERSION = 1.0;
				PRODUCT_BUNDLE_IDENTIFIER = yanmoroz.tmdb.mvp;
				PRODUCT_NAME = "$(TARGET_NAME)";
				STRING_CATALOG_GENERATE_SYMBOLS = YES;
				SWIFT_APPROACHABLE_CONCURRENCY = YES;
				SWIFT_DEFAULT_ACTOR_ISOLATION = MainActor;
				SWIFT_EMIT_LOC_STRINGS = YES;
				SWIFT_UPCOMING_FEATURE_MEMBER_IMPORT_VISIBILITY = YES;
				SWIFT_VERSION = 6.0;
				TARGETED_DEVICE_FAMILY = "1,2";
			};
			name = Debug;
		};
		A3DD97CC304EDAFD00F87C7F /* Release */ = {
			isa = XCBuildConfiguration;
			buildSettings = {
				ASSETCATALOG_COMPILER_APPICON_NAME = AppIcon;
				ASSETCATALOG_COMPILER_GLOBAL_ACCENT_COLOR_NAME = AccentColor;
				CODE_SIGN_STYLE = Automatic;
				CURRENT_PROJECT_VERSION = 1;
				DEVELOPMENT_TEAM = NF5X2BH93G;
				GENERATE_INFOPLIST_FILE = YES;
				INFOPLIST_FILE = "MVP-App/Info.plist";
				INFOPLIST_KEY_UIApplicationSupportsIndirectInputEvents = YES;
				INFOPLIST_KEY_UISupportedInterfaceOrientations_iPad = "UIInterfaceOrientationPortrait UIInterfaceOrientationPortraitUpsideDown UIInterfaceOrientationLandscapeLeft UIInterfaceOrientationLandscapeRight";
				INFOPLIST_KEY_UISupportedInterfaceOrientations_iPhone = "UIInterfaceOrientationPortrait UIInterfaceOrientationLandscapeLeft UIInterfaceOrientationLandscapeRight";
				LD_RUNPATH_SEARCH_PATHS = (
					"$(inherited)",
					"@executable_path/Frameworks",
				);
				MARKETING_VERSION = 1.0;
				PRODUCT_BUNDLE_IDENTIFIER = yanmoroz.tmdb.mvp;
				PRODUCT_NAME = "$(TARGET_NAME)";
				STRING_CATALOG_GENERATE_SYMBOLS = YES;
				SWIFT_APPROACHABLE_CONCURRENCY = YES;
				SWIFT_DEFAULT_ACTOR_ISOLATION = MainActor;
				SWIFT_EMIT_LOC_STRINGS = YES;
				SWIFT_UPCOMING_FEATURE_MEMBER_IMPORT_VISIBILITY = YES;
				SWIFT_VERSION = 6.0;
				TARGETED_DEVICE_FAMILY = "1,2";
			};
			name = Release;
		};
		A3DD97CD304EDAFD00F87C7F /* Debug */ = {
			isa = XCBuildConfiguration;
			baseConfigurationReference = AA0000000000000000000001 /* Config.xcconfig */;
			buildSettings = {
				ALWAYS_SEARCH_USER_PATHS = NO;
				ASSETCATALOG_COMPILER_GENERATE_SWIFT_ASSET_SYMBOL_EXTENSIONS = YES;
				CLANG_ANALYZER_NONNULL = YES;
				CLANG_ANALYZER_NUMBER_OBJECT_CONVERSION = YES_AGGRESSIVE;
				CLANG_CXX_LANGUAGE_STANDARD = "gnu++20";
				CLANG_ENABLE_MODULES = YES;
				CLANG_ENABLE_OBJC_ARC = YES;
				CLANG_ENABLE_OBJC_WEAK = YES;
				CLANG_WARN_BLOCK_CAPTURE_AUTORELEASING = YES;
				CLANG_WARN_BOOL_CONVERSION = YES;
				CLANG_WARN_COMMA = YES;
				CLANG_WARN_CONSTANT_CONVERSION = YES;
				CLANG_WARN_DEPRECATED_OBJC_IMPLEMENTATIONS = YES;
				CLANG_WARN_DIRECT_OBJC_ISA_USAGE = YES_ERROR;
				CLANG_WARN_DOCUMENTATION_COMMENTS = YES;
				CLANG_WARN_EMPTY_BODY = YES;
				CLANG_WARN_ENUM_CONVERSION = YES;
				CLANG_WARN_INFINITE_RECURSION = YES;
				CLANG_WARN_INT_CONVERSION = YES;
				CLANG_WARN_NON_LITERAL_NULL_CONVERSION = YES;
				CLANG_WARN_OBJC_IMPLICIT_RETAIN_SELF = YES;
				CLANG_WARN_OBJC_LITERAL_CONVERSION = YES;
				CLANG_WARN_OBJC_ROOT_CLASS = YES_ERROR;
				CLANG_WARN_QUOTED_INCLUDE_IN_FRAMEWORK_HEADER = YES;
				CLANG_WARN_RANGE_LOOP_ANALYSIS = YES;
				CLANG_WARN_STRICT_PROTOTYPES = YES;
				CLANG_WARN_SUSPICIOUS_MOVE = YES;
				CLANG_WARN_UNGUARDED_AVAILABILITY = YES_AGGRESSIVE;
				CLANG_WARN_UNREACHABLE_CODE = YES;
				CLANG_WARN__DUPLICATE_METHOD_MATCH = YES;
				COPY_PHASE_STRIP = NO;
				DEBUG_INFORMATION_FORMAT = dwarf;
				DEVELOPMENT_TEAM = NF5X2BH93G;
				ENABLE_STRICT_OBJC_MSGSEND = YES;
				ENABLE_TESTABILITY = YES;
				ENABLE_USER_SCRIPT_SANDBOXING = YES;
				GCC_C_LANGUAGE_STANDARD = gnu17;
				GCC_DYNAMIC_NO_PIC = NO;
				GCC_NO_COMMON_BLOCKS = YES;
				GCC_OPTIMIZATION_LEVEL = 0;
				GCC_PREPROCESSOR_DEFINITIONS = (
					"DEBUG=1",
					"$(inherited)",
				);
				GCC_WARN_64_TO_32_BIT_CONVERSION = YES;
				GCC_WARN_ABOUT_RETURN_TYPE = YES_ERROR;
				GCC_WARN_UNDECLARED_SELECTOR = YES;
				GCC_WARN_UNINITIALIZED_AUTOS = YES_AGGRESSIVE;
				GCC_WARN_UNUSED_FUNCTION = YES;
				GCC_WARN_UNUSED_VARIABLE = YES;
				IPHONEOS_DEPLOYMENT_TARGET = 17.0;
				LOCALIZATION_PREFERS_STRING_CATALOGS = YES;
				MTL_ENABLE_DEBUG_INFO = INCLUDE_SOURCE;
				MTL_FAST_MATH = YES;
				ONLY_ACTIVE_ARCH = YES;
				SDKROOT = iphoneos;
				SWIFT_ACTIVE_COMPILATION_CONDITIONS = "DEBUG $(inherited)";
				SWIFT_OPTIMIZATION_LEVEL = "-Onone";
			};
			name = Debug;
		};
		A3DD97CE304EDAFD00F87C7F /* Release */ = {
			isa = XCBuildConfiguration;
			baseConfigurationReference = AA0000000000000000000001 /* Config.xcconfig */;
			buildSettings = {
				ALWAYS_SEARCH_USER_PATHS = NO;
				ASSETCATALOG_COMPILER_GENERATE_SWIFT_ASSET_SYMBOL_EXTENSIONS = YES;
				CLANG_ANALYZER_NONNULL = YES;
				CLANG_ANALYZER_NUMBER_OBJECT_CONVERSION = YES_AGGRESSIVE;
				CLANG_CXX_LANGUAGE_STANDARD = "gnu++20";
				CLANG_ENABLE_MODULES = YES;
				CLANG_ENABLE_OBJC_ARC = YES;
				CLANG_ENABLE_OBJC_WEAK = YES;
				CLANG_WARN_BLOCK_CAPTURE_AUTORELEASING = YES;
				CLANG_WARN_BOOL_CONVERSION = YES;
				CLANG_WARN_COMMA = YES;
				CLANG_WARN_CONSTANT_CONVERSION = YES;
				CLANG_WARN_DEPRECATED_OBJC_IMPLEMENTATIONS = YES;
				CLANG_WARN_DIRECT_OBJC_ISA_USAGE = YES_ERROR;
				CLANG_WARN_DOCUMENTATION_COMMENTS = YES;
				CLANG_WARN_EMPTY_BODY = YES;
				CLANG_WARN_ENUM_CONVERSION = YES;
				CLANG_WARN_INFINITE_RECURSION = YES;
				CLANG_WARN_INT_CONVERSION = YES;
				CLANG_WARN_NON_LITERAL_NULL_CONVERSION = YES;
				CLANG_WARN_OBJC_IMPLICIT_RETAIN_SELF = YES;
				CLANG_WARN_OBJC_LITERAL_CONVERSION = YES;
				CLANG_WARN_OBJC_ROOT_CLASS = YES_ERROR;
				CLANG_WARN_QUOTED_INCLUDE_IN_FRAMEWORK_HEADER = YES;
				CLANG_WARN_RANGE_LOOP_ANALYSIS = YES;
				CLANG_WARN_STRICT_PROTOTYPES = YES;
				CLANG_WARN_SUSPICIOUS_MOVE = YES;
				CLANG_WARN_UNGUARDED_AVAILABILITY = YES_AGGRESSIVE;
				CLANG_WARN_UNREACHABLE_CODE = YES;
				CLANG_WARN__DUPLICATE_METHOD_MATCH = YES;
				COPY_PHASE_STRIP = NO;
				DEBUG_INFORMATION_FORMAT = "dwarf-with-dsym";
				DEVELOPMENT_TEAM = NF5X2BH93G;
				ENABLE_NS_ASSERTIONS = NO;
				ENABLE_STRICT_OBJC_MSGSEND = YES;
				ENABLE_USER_SCRIPT_SANDBOXING = YES;
				GCC_C_LANGUAGE_STANDARD = gnu17;
				GCC_NO_COMMON_BLOCKS = YES;
				GCC_WARN_64_TO_32_BIT_CONVERSION = YES;
				GCC_WARN_ABOUT_RETURN_TYPE = YES_ERROR;
				GCC_WARN_UNDECLARED_SELECTOR = YES;
				GCC_WARN_UNINITIALIZED_AUTOS = YES_AGGRESSIVE;
				GCC_WARN_UNUSED_FUNCTION = YES;
				GCC_WARN_UNUSED_VARIABLE = YES;
				IPHONEOS_DEPLOYMENT_TARGET = 17.0;
				LOCALIZATION_PREFERS_STRING_CATALOGS = YES;
				MTL_ENABLE_DEBUG_INFO = NO;
				MTL_FAST_MATH = YES;
				SDKROOT = iphoneos;
				SWIFT_COMPILATION_MODE = wholemodule;
				VALIDATE_PRODUCT = YES;
			};
			name = Release;
		};
		A3DD97D0304EDAFD00F87C7F /* Debug */ = {
			isa = XCBuildConfiguration;
			buildSettings = {
				BUNDLE_LOADER = "$(TEST_HOST)";
				CODE_SIGN_STYLE = Automatic;
				CURRENT_PROJECT_VERSION = 1;
				DEVELOPMENT_TEAM = NF5X2BH93G;
				GENERATE_INFOPLIST_FILE = YES;
				IPHONEOS_DEPLOYMENT_TARGET = 17.0;
				MARKETING_VERSION = 1.0;
				PRODUCT_BUNDLE_IDENTIFIER = "yanmoroz.tmdb.mvp.MVP-AppTests";
				PRODUCT_NAME = "$(TARGET_NAME)";
				STRING_CATALOG_GENERATE_SYMBOLS = NO;
				SWIFT_APPROACHABLE_CONCURRENCY = YES;
				SWIFT_EMIT_LOC_STRINGS = NO;
				SWIFT_UPCOMING_FEATURE_MEMBER_IMPORT_VISIBILITY = YES;
				SWIFT_VERSION = 6.0;
				TARGETED_DEVICE_FAMILY = "1,2";
				TEST_HOST = "$(BUILT_PRODUCTS_DIR)/MVP-App.app/$(BUNDLE_EXECUTABLE_FOLDER_PATH)/MVP-App";
			};
			name = Debug;
		};
		A3DD97D1304EDAFD00F87C7F /* Release */ = {
			isa = XCBuildConfiguration;
			buildSettings = {
				BUNDLE_LOADER = "$(TEST_HOST)";
				CODE_SIGN_STYLE = Automatic;
				CURRENT_PROJECT_VERSION = 1;
				DEVELOPMENT_TEAM = NF5X2BH93G;
				GENERATE_INFOPLIST_FILE = YES;
				IPHONEOS_DEPLOYMENT_TARGET = 17.0;
				MARKETING_VERSION = 1.0;
				PRODUCT_BUNDLE_IDENTIFIER = "yanmoroz.tmdb.mvp.MVP-AppTests";
				PRODUCT_NAME = "$(TARGET_NAME)";
				STRING_CATALOG_GENERATE_SYMBOLS = NO;
				SWIFT_APPROACHABLE_CONCURRENCY = YES;
				SWIFT_EMIT_LOC_STRINGS = NO;
				SWIFT_UPCOMING_FEATURE_MEMBER_IMPORT_VISIBILITY = YES;
				SWIFT_VERSION = 6.0;
				TARGETED_DEVICE_FAMILY = "1,2";
				TEST_HOST = "$(BUILT_PRODUCTS_DIR)/MVP-App.app/$(BUNDLE_EXECUTABLE_FOLDER_PATH)/MVP-App";
			};
			name = Release;
		};
/* End XCBuildConfiguration section */

/* Begin XCConfigurationList section */
		A3DD979C304EDAFC00F87C7F /* Build configuration list for PBXProject "MVP-App" */ = {
			isa = XCConfigurationList;
			buildConfigurations = (
				A3DD97CD304EDAFD00F87C7F /* Debug */,
				A3DD97CE304EDAFD00F87C7F /* Release */,
			);
			defaultConfigurationIsVisible = 0;
			defaultConfigurationName = Release;
		};
		A3DD97CA304EDAFD00F87C7F /* Build configuration list for PBXNativeTarget "MVP-App" */ = {
			isa = XCConfigurationList;
			buildConfigurations = (
				A3DD97CB304EDAFD00F87C7F /* Debug */,
				A3DD97CC304EDAFD00F87C7F /* Release */,
			);
			defaultConfigurationIsVisible = 0;
			defaultConfigurationName = Release;
		};
		A3DD97CF304EDAFD00F87C7F /* Build configuration list for PBXNativeTarget "MVP-AppTests" */ = {
			isa = XCConfigurationList;
			buildConfigurations = (
				A3DD97D0304EDAFD00F87C7F /* Debug */,
				A3DD97D1304EDAFD00F87C7F /* Release */,
			);
			defaultConfigurationIsVisible = 0;
			defaultConfigurationName = Release;
		};
/* End XCConfigurationList section */

/* Begin XCRemoteSwiftPackageReference section */
		A3DD97E7304EDC1500F87C7F /* XCRemoteSwiftPackageReference "youtube-ios-player-helper" */ = {
			isa = XCRemoteSwiftPackageReference;
			repositoryURL = "https://github.com/youtube/youtube-ios-player-helper";
			requirement = {
				kind = upToNextMajorVersion;
				minimumVersion = 1.0.4;
			};
		};
		A3DD97EA304EDC5D00F87C7F /* XCRemoteSwiftPackageReference "Nuke" */ = {
			isa = XCRemoteSwiftPackageReference;
			repositoryURL = "https://github.com/kean/Nuke.git";
			requirement = {
				kind = upToNextMajorVersion;
				minimumVersion = 13.2.0;
			};
		};
/* End XCRemoteSwiftPackageReference section */

/* Begin XCSwiftPackageProductDependency section */
		A3DD97E8304EDC1500F87C7F /* YouTubeiOSPlayerHelper */ = {
			isa = XCSwiftPackageProductDependency;
			package = A3DD97E7304EDC1500F87C7F /* XCRemoteSwiftPackageReference "youtube-ios-player-helper" */;
			productName = YouTubeiOSPlayerHelper;
		};
		A3DD97EB304EDC5D00F87C7F /* Nuke */ = {
			isa = XCSwiftPackageProductDependency;
			package = A3DD97EA304EDC5D00F87C7F /* XCRemoteSwiftPackageReference "Nuke" */;
			productName = Nuke;
		};
		A3DD97ED304EDC5D00F87C7F /* NukeUI */ = {
			isa = XCSwiftPackageProductDependency;
			package = A3DD97EA304EDC5D00F87C7F /* XCRemoteSwiftPackageReference "Nuke" */;
			productName = NukeUI;
		};
		AA0000000000000000000002 /* DomainKit */ = {
			isa = XCSwiftPackageProductDependency;
			productName = DomainKit;
		};
		AA0000000000000000000003 /* DataKit */ = {
			isa = XCSwiftPackageProductDependency;
			productName = DataKit;
		};
		AA0000000000000000000004 /* DomainKit */ = {
			isa = XCSwiftPackageProductDependency;
			productName = DomainKit;
		};
		AA0000000000000000000005 /* DomainKitTestSupport */ = {
			isa = XCSwiftPackageProductDependency;
			productName = DomainKitTestSupport;
		};
/* End XCSwiftPackageProductDependency section */
	};
	rootObject = A3DD9799304EDAFC00F87C7F /* Project object */;
}
